
Microsoft Visual Studio Solution File, Format Version 12.00
# Visual Studio 14
VisualStudioVersion = 14.0.25420.1
MinimumVisualStudioVersion = 10.0.40219.1
Project("{FAE04EC0-301F-11D3-BF4B-00C04F79EFBC}") = "Practice Base and Derived Classes", "Practice Base and Derived Classes\Practice Base and Derived Classes.csproj", "{3D99E982-8E84-433A-825D-7FB173FDAF71}"
EndProject
Global
	GlobalSection(SolutionConfigurationPlatforms) = preSolution
		Debug|Any CPU = Debug|Any CPU
		Release|Any CPU = Release|Any CPU
	EndGlobalSection
	GlobalSection(ProjectConfigurationPlatforms) = postSolution
		{3D99E982-8E84-433A-825D-7FB173FDAF71}.Debug|Any CPU.ActiveCfg = Debug|Any CPU
		{3D99E982-8E84-433A-825D-7FB173FDAF71}.Debug|Any CPU.Build.0 = Debug|Any CPU
		{3D99E982-8E84-433A-825D-7FB173FDAF71}.Release|Any CPU.ActiveCfg = Release|Any CPU
		{3D99E982-8E84-433A-825D-7FB173FDAF71}.Release|Any CPU.Build.0 = Release|Any CPU
	EndGlobalSection
	GlobalSection(SolutionProperties) = preSolution
		HideSolutionNode = FALSE
	EndGlobalSection
EndGlobal
